
Microsoft Visual Studio Solution File, Format Version 12.00
# Visual Studio 2012
Project("{FAE04EC0-301F-11D3-BF4B-00C04F79EFBC}") = "Test", "Test\Test.csproj", "{618927A7-E54C-4B56-9455-84828D2AA12C}"
EndProject
Project("{FAE04EC0-301F-11D3-BF4B-00C04F79EFBC}") = "NotifyMyAndroid", "Plugins\NotifyMyAndroid\NotifyMyAndroid.csproj", "{0756F3EE-C5F2-4620-837F-51B66BB1A119}"
EndProject
Project("{FAE04EC0-301F-11D3-BF4B-00C04F79EFBC}") = "InComfort", "Plugins\InComfort\InComfort.csproj", "{F33E0832-FCA9-4622-A8E2-36977B9CA1E9}"
EndProject
Project("{2150E333-8FDC-42A3-9474-1A3956D46DE8}") = ".nuget", ".nuget", "{AB3BC356-C997-476B-848B-DDF4207FE8ED}"
	ProjectSection(SolutionItems) = preProject
		.nuget\NuGet.Config = .nuget\NuGet.Config
		.nuget\NuGet.exe = .nuget\NuGet.exe
		.nuget\NuGet.targets = .nuget\NuGet.targets
	EndProjectSection
EndProject
Project("{FAE04EC0-301F-11D3-BF4B-00C04F79EFBC}") = "Obsession.Core", "Obsession.Core\Obsession.Core.csproj", "{4541846B-1A29-44FB-9029-663A2FFD623B}"
EndProject
Project("{FAE04EC0-301F-11D3-BF4B-00C04F79EFBC}") = "Obsession.Service", "Obsession.Service\Obsession.Service.csproj", "{E6E2AEC2-4A52-4004-91F8-ADF0801F6F31}"
EndProject
Project("{FAE04EC0-301F-11D3-BF4B-00C04F79EFBC}") = "P1Reader", "Plugins\P1Reader\P1Reader.csproj", "{A4286771-0B83-4E59-8EAD-55681E90732C}"
EndProject
Project("{FAE04EC0-301F-11D3-BF4B-00C04F79EFBC}") = "Bluetooth", "Bluetooth\Bluetooth.csproj", "{A92ACE2D-7B7E-49CF-B61F-96CF6E6BE82D}"
EndProject
Project("{FAE04EC0-301F-11D3-BF4B-00C04F79EFBC}") = "Denon", "Plugins\Denon\Denon.csproj", "{254E941D-1F02-44B7-8667-3AA92B8D0462}"
EndProject
Project("{2150E333-8FDC-42A3-9474-1A3956D46DE8}") = "Plugins", "Plugins", "{BE757607-D1B0-4505-BBC2-793D872113CA}"
EndProject
Project("{FAE04EC0-301F-11D3-BF4B-00C04F79EFBC}") = "Xbmc", "Plugins\Xbmc\Xbmc.csproj", "{82E80412-651E-4676-9167-788D21FDF8C7}"
EndProject
Project("{FAE04EC0-301F-11D3-BF4B-00C04F79EFBC}") = "AirPlay", "AirPlay\AirPlay.csproj", "{2A36880D-5D39-460B-9AE5-0254C3C1187F}"
EndProject
Project("{FAE04EC0-301F-11D3-BF4B-00C04F79EFBC}") = "Dlna", "Dlna\Dlna.csproj", "{0033795D-05E6-469D-948B-C37F52B878BE}"
EndProject
Project("{FAE04EC0-301F-11D3-BF4B-00C04F79EFBC}") = "Obsession.Zeroconf", "Zeroconf\Obsession.Zeroconf.csproj", "{6075DACC-B015-4916-A33A-497CFD0261C3}"
EndProject
Project("{FAE04EC0-301F-11D3-BF4B-00C04F79EFBC}") = "YahooWeather", "YahooWeather\YahooWeather.csproj", "{29815ADF-E998-4174-BB4E-F28F03E7818A}"
EndProject
Project("{FAE04EC0-301F-11D3-BF4B-00C04F79EFBC}") = "Obsession.Rfxcom", "Obsession.Rfxcom\Obsession.Rfxcom.csproj", "{1F0055B2-795B-47D4-A82B-DBFB2221205B}"
EndProject
Project("{2150E333-8FDC-42A3-9474-1A3956D46DE8}") = "Tools", "Tools", "{8D446130-BB92-4D1E-99CF-7E59084A6C58}"
EndProject
Project("{FAE04EC0-301F-11D3-BF4B-00C04F79EFBC}") = "Converter", "Converter\Converter.csproj", "{1F187609-B7D1-4D3D-92E6-6AA4070FA62B}"
EndProject
Project("{2150E333-8FDC-42A3-9474-1A3956D46DE8}") = "Internal", "Internal", "{3AB1CA61-A2A2-4668-A2C4-E71B35F1C8BD}"
EndProject
Project("{FAE04EC0-301F-11D3-BF4B-00C04F79EFBC}") = "Obsession.Internal.LuaEngine", "Obsession.Internal.LuaEngine\Obsession.Internal.LuaEngine.csproj", "{484DEBFC-4FE3-4B57-B767-948DFCF13547}"
EndProject
Project("{FAE04EC0-301F-11D3-BF4B-00C04F79EFBC}") = "Obsession.Akka", "Obsession.Akka\Obsession.Akka.csproj", "{F9692E23-64BB-4709-AFFE-EC2A3F2C8AA7}"
EndProject
Project("{FAE04EC0-301F-11D3-BF4B-00C04F79EFBC}") = "Obsession.Elastic", "Obsession.Elastic\Obsession.Elastic.csproj", "{B8C6EB74-FA35-40D1-987A-F59A2AABC82C}"
EndProject
Global
	GlobalSection(SolutionConfigurationPlatforms) = preSolution
		Debug|Any CPU = Debug|Any CPU
		Release|Any CPU = Release|Any CPU
	EndGlobalSection
	GlobalSection(ProjectConfigurationPlatforms) = postSolution
		{618927A7-E54C-4B56-9455-84828D2AA12C}.Debug|Any CPU.ActiveCfg = Debug|Any CPU
		{618927A7-E54C-4B56-9455-84828D2AA12C}.Debug|Any CPU.Build.0 = Debug|Any CPU
		{618927A7-E54C-4B56-9455-84828D2AA12C}.Release|Any CPU.ActiveCfg = Release|Any CPU
		{618927A7-E54C-4B56-9455-84828D2AA12C}.Release|Any CPU.Build.0 = Release|Any CPU
		{0756F3EE-C5F2-4620-837F-51B66BB1A119}.Debug|Any CPU.ActiveCfg = Debug|Any CPU
		{0756F3EE-C5F2-4620-837F-51B66BB1A119}.Debug|Any CPU.Build.0 = Debug|Any CPU
		{0756F3EE-C5F2-4620-837F-51B66BB1A119}.Release|Any CPU.ActiveCfg = Release|Any CPU
		{0756F3EE-C5F2-4620-837F-51B66BB1A119}.Release|Any CPU.Build.0 = Release|Any CPU
		{F33E0832-FCA9-4622-A8E2-36977B9CA1E9}.Debug|Any CPU.ActiveCfg = Debug|Any CPU
		{F33E0832-FCA9-4622-A8E2-36977B9CA1E9}.Debug|Any CPU.Build.0 = Debug|Any CPU
		{F33E0832-FCA9-4622-A8E2-36977B9CA1E9}.Release|Any CPU.ActiveCfg = Release|Any CPU
		{F33E0832-FCA9-4622-A8E2-36977B9CA1E9}.Release|Any CPU.Build.0 = Release|Any CPU
		{4541846B-1A29-44FB-9029-663A2FFD623B}.Debug|Any CPU.ActiveCfg = Debug|Any CPU
		{4541846B-1A29-44FB-9029-663A2FFD623B}.Debug|Any CPU.Build.0 = Debug|Any CPU
		{4541846B-1A29-44FB-9029-663A2FFD623B}.Release|Any CPU.ActiveCfg = Release|Any CPU
		{4541846B-1A29-44FB-9029-663A2FFD623B}.Release|Any CPU.Build.0 = Release|Any CPU
		{E6E2AEC2-4A52-4004-91F8-ADF0801F6F31}.Debug|Any CPU.ActiveCfg = Debug|Any CPU
		{E6E2AEC2-4A52-4004-91F8-ADF0801F6F31}.Debug|Any CPU.Build.0 = Debug|Any CPU
		{E6E2AEC2-4A52-4004-91F8-ADF0801F6F31}.Release|Any CPU.ActiveCfg = Release|Any CPU
		{E6E2AEC2-4A52-4004-91F8-ADF0801F6F31}.Release|Any CPU.Build.0 = Release|Any CPU
		{A4286771-0B83-4E59-8EAD-55681E90732C}.Debug|Any CPU.ActiveCfg = Debug|Any CPU
		{A4286771-0B83-4E59-8EAD-55681E90732C}.Debug|Any CPU.Build.0 = Debug|Any CPU
		{A4286771-0B83-4E59-8EAD-55681E90732C}.Release|Any CPU.ActiveCfg = Release|Any CPU
		{A4286771-0B83-4E59-8EAD-55681E90732C}.Release|Any CPU.Build.0 = Release|Any CPU
		{A92ACE2D-7B7E-49CF-B61F-96CF6E6BE82D}.Debug|Any CPU.ActiveCfg = Debug|Any CPU
		{A92ACE2D-7B7E-49CF-B61F-96CF6E6BE82D}.Debug|Any CPU.Build.0 = Debug|Any CPU
		{A92ACE2D-7B7E-49CF-B61F-96CF6E6BE82D}.Release|Any CPU.ActiveCfg = Release|Any CPU
		{A92ACE2D-7B7E-49CF-B61F-96CF6E6BE82D}.Release|Any CPU.Build.0 = Release|Any CPU
		{254E941D-1F02-44B7-8667-3AA92B8D0462}.Debug|Any CPU.ActiveCfg = Debug|Any CPU
		{254E941D-1F02-44B7-8667-3AA92B8D0462}.Debug|Any CPU.Build.0 = Debug|Any CPU
		{254E941D-1F02-44B7-8667-3AA92B8D0462}.Release|Any CPU.ActiveCfg = Release|Any CPU
		{254E941D-1F02-44B7-8667-3AA92B8D0462}.Release|Any CPU.Build.0 = Release|Any CPU
		{82E80412-651E-4676-9167-788D21FDF8C7}.Debug|Any CPU.ActiveCfg = Debug|Any CPU
		{82E80412-651E-4676-9167-788D21FDF8C7}.Debug|Any CPU.Build.0 = Debug|Any CPU
		{82E80412-651E-4676-9167-788D21FDF8C7}.Release|Any CPU.ActiveCfg = Release|Any CPU
		{82E80412-651E-4676-9167-788D21FDF8C7}.Release|Any CPU.Build.0 = Release|Any CPU
		{2A36880D-5D39-460B-9AE5-0254C3C1187F}.Debug|Any CPU.ActiveCfg = Debug|Any CPU
		{2A36880D-5D39-460B-9AE5-0254C3C1187F}.Debug|Any CPU.Build.0 = Debug|Any CPU
		{2A36880D-5D39-460B-9AE5-0254C3C1187F}.Release|Any CPU.ActiveCfg = Release|Any CPU
		{2A36880D-5D39-460B-9AE5-0254C3C1187F}.Release|Any CPU.Build.0 = Release|Any CPU
		{0033795D-05E6-469D-948B-C37F52B878BE}.Debug|Any CPU.ActiveCfg = Debug|Any CPU
		{0033795D-05E6-469D-948B-C37F52B878BE}.Debug|Any CPU.Build.0 = Debug|Any CPU
		{0033795D-05E6-469D-948B-C37F52B878BE}.Release|Any CPU.ActiveCfg = Release|Any CPU
		{0033795D-05E6-469D-948B-C37F52B878BE}.Release|Any CPU.Build.0 = Release|Any CPU
		{6075DACC-B015-4916-A33A-497CFD0261C3}.Debug|Any CPU.ActiveCfg = Debug|Any CPU
		{6075DACC-B015-4916-A33A-497CFD0261C3}.Debug|Any CPU.Build.0 = Debug|Any CPU
		{6075DACC-B015-4916-A33A-497CFD0261C3}.Release|Any CPU.ActiveCfg = Release|Any CPU
		{6075DACC-B015-4916-A33A-497CFD0261C3}.Release|Any CPU.Build.0 = Release|Any CPU
		{29815ADF-E998-4174-BB4E-F28F03E7818A}.Debug|Any CPU.ActiveCfg = Debug|Any CPU
		{29815ADF-E998-4174-BB4E-F28F03E7818A}.Debug|Any CPU.Build.0 = Debug|Any CPU
		{29815ADF-E998-4174-BB4E-F28F03E7818A}.Release|Any CPU.ActiveCfg = Release|Any CPU
		{29815ADF-E998-4174-BB4E-F28F03E7818A}.Release|Any CPU.Build.0 = Release|Any CPU
		{1F0055B2-795B-47D4-A82B-DBFB2221205B}.Debug|Any CPU.ActiveCfg = Debug|Any CPU
		{1F0055B2-795B-47D4-A82B-DBFB2221205B}.Debug|Any CPU.Build.0 = Debug|Any CPU
		{1F0055B2-795B-47D4-A82B-DBFB2221205B}.Release|Any CPU.ActiveCfg = Release|Any CPU
		{1F0055B2-795B-47D4-A82B-DBFB2221205B}.Release|Any CPU.Build.0 = Release|Any CPU
		{1F187609-B7D1-4D3D-92E6-6AA4070FA62B}.Debug|Any CPU.ActiveCfg = Debug|Any CPU
		{1F187609-B7D1-4D3D-92E6-6AA4070FA62B}.Debug|Any CPU.Build.0 = Debug|Any CPU
		{1F187609-B7D1-4D3D-92E6-6AA4070FA62B}.Release|Any CPU.ActiveCfg = Release|Any CPU
		{1F187609-B7D1-4D3D-92E6-6AA4070FA62B}.Release|Any CPU.Build.0 = Release|Any CPU
		{484DEBFC-4FE3-4B57-B767-948DFCF13547}.Debug|Any CPU.ActiveCfg = Debug|Any CPU
		{484DEBFC-4FE3-4B57-B767-948DFCF13547}.Debug|Any CPU.Build.0 = Debug|Any CPU
		{484DEBFC-4FE3-4B57-B767-948DFCF13547}.Release|Any CPU.ActiveCfg = Release|Any CPU
		{484DEBFC-4FE3-4B57-B767-948DFCF13547}.Release|Any CPU.Build.0 = Release|Any CPU
		{F9692E23-64BB-4709-AFFE-EC2A3F2C8AA7}.Debug|Any CPU.ActiveCfg = Debug|Any CPU
		{F9692E23-64BB-4709-AFFE-EC2A3F2C8AA7}.Debug|Any CPU.Build.0 = Debug|Any CPU
		{F9692E23-64BB-4709-AFFE-EC2A3F2C8AA7}.Release|Any CPU.ActiveCfg = Release|Any CPU
		{F9692E23-64BB-4709-AFFE-EC2A3F2C8AA7}.Release|Any CPU.Build.0 = Release|Any CPU
		{B8C6EB74-FA35-40D1-987A-F59A2AABC82C}.Debug|Any CPU.ActiveCfg = Debug|Any CPU
		{B8C6EB74-FA35-40D1-987A-F59A2AABC82C}.Debug|Any CPU.Build.0 = Debug|Any CPU
		{B8C6EB74-FA35-40D1-987A-F59A2AABC82C}.Release|Any CPU.ActiveCfg = Release|Any CPU
		{B8C6EB74-FA35-40D1-987A-F59A2AABC82C}.Release|Any CPU.Build.0 = Release|Any CPU
	EndGlobalSection
	GlobalSection(SolutionProperties) = preSolution
		HideSolutionNode = FALSE
	EndGlobalSection
	GlobalSection(NestedProjects) = preSolution
		{F33E0832-FCA9-4622-A8E2-36977B9CA1E9} = {BE757607-D1B0-4505-BBC2-793D872113CA}
		{A4286771-0B83-4E59-8EAD-55681E90732C} = {BE757607-D1B0-4505-BBC2-793D872113CA}
		{A92ACE2D-7B7E-49CF-B61F-96CF6E6BE82D} = {BE757607-D1B0-4505-BBC2-793D872113CA}
		{254E941D-1F02-44B7-8667-3AA92B8D0462} = {BE757607-D1B0-4505-BBC2-793D872113CA}
		{0756F3EE-C5F2-4620-837F-51B66BB1A119} = {BE757607-D1B0-4505-BBC2-793D872113CA}
		{82E80412-651E-4676-9167-788D21FDF8C7} = {BE757607-D1B0-4505-BBC2-793D872113CA}
		{2A36880D-5D39-460B-9AE5-0254C3C1187F} = {BE757607-D1B0-4505-BBC2-793D872113CA}
		{0033795D-05E6-469D-948B-C37F52B878BE} = {BE757607-D1B0-4505-BBC2-793D872113CA}
		{6075DACC-B015-4916-A33A-497CFD0261C3} = {BE757607-D1B0-4505-BBC2-793D872113CA}
		{29815ADF-E998-4174-BB4E-F28F03E7818A} = {BE757607-D1B0-4505-BBC2-793D872113CA}
		{1F0055B2-795B-47D4-A82B-DBFB2221205B} = {BE757607-D1B0-4505-BBC2-793D872113CA}
		{1F187609-B7D1-4D3D-92E6-6AA4070FA62B} = {8D446130-BB92-4D1E-99CF-7E59084A6C58}
		{484DEBFC-4FE3-4B57-B767-948DFCF13547} = {3AB1CA61-A2A2-4668-A2C4-E71B35F1C8BD}
	EndGlobalSection
EndGlobal
